// !$*UTF8*$!
{
	archiveVersion = 1;
	classes = {
	};
	objectVersion = 50;
	objects = {

/* Begin PBXBuildFile section */
		57F685B92699DA2D0038179D /* AppDelegate.swift in Sources */ = {isa = PBXBuildFile; fileRef = 57F685B82699DA2D0038179D /* AppDelegate.swift */; };
		57F685BB2699DA2D0038179D /* SceneDelegate.swift in Sources */ = {isa = PBXBuildFile; fileRef = 57F685BA2699DA2D0038179D /* SceneDelegate.swift */; };
		57F685C22699DA2E0038179D /* Assets.xcassets in Resources */ = {isa = PBXBuildFile; fileRef = 57F685C12699DA2E0038179D /* Assets.xcassets */; };
		57F685C52699DA2E0038179D /* LaunchScreen.storyboard in Resources */ = {isa = PBXBuildFile; fileRef = 57F685C32699DA2E0038179D /* LaunchScreen.storyboard */; };
		57F685D02699DA2E0038179D /* MVCTests.swift in Sources */ = {isa = PBXBuildFile; fileRef = 57F685CF2699DA2E0038179D /* MVCTests.swift */; };
		57F685DB2699DA2E0038179D /* MVCUITests.swift in Sources */ = {isa = PBXBuildFile; fileRef = 57F685DA2699DA2E0038179D /* MVCUITests.swift */; };
		57F685E92699DCCE0038179D /* MassiveViewController.swift in Sources */ = {isa = PBXBuildFile; fileRef = 57F685E82699DCCE0038179D /* MassiveViewController.swift */; };
		57F685EB2699E5B00038179D /* Model.swift in Sources */ = {isa = PBXBuildFile; fileRef = 57F685EA2699E5B00038179D /* Model.swift */; };
/* End PBXBuildFile section */

/* Begin PBXContainerItemProxy section */
		57F685CC2699DA2E0038179D /* PBXContainerItemProxy */ = {
			isa = PBXContainerItemProxy;
			containerPortal = 57F685AD2699DA2D0038179D /* Project object */;
			proxyType = 1;
			remoteGlobalIDString = 57F685B42699DA2D0038179D;
			remoteInfo = MVC;
		};
		57F685D72699DA2E0038179D /* PBXContainerItemProxy */ = {
			isa = PBXContainerItemProxy;
			containerPortal = 57F685AD2699DA2D0038179D /* Project object */;
			proxyType = 1;
			remoteGlobalIDString = 57F685B42699DA2D0038179D;
			remoteInfo = MVC;
		};
/* End PBXContainerItemProxy section */

/* Begin PBXFileReference section */
		57F685B52699DA2D0038179D /* MVC.app */ = {isa = PBXFileReference; explicitFileType = wrapper.application; includeInIndex = 0; path = MVC.app; sourceTree = BUILT_PRODUCTS_DIR; };
		57F685B82699DA2D0038179D /* AppDelegate.swift */ = {isa = PBXFileReference; lastKnownFileType = sourcecode.swift; path = AppDelegate.swift; sourceTree = "<group>"; };
		57F685BA2699DA2D0038179D /* SceneDelegate.swift */ = {isa = PBXFileReference; lastKnownFileType = sourcecode.swift; path = SceneDelegate.swift; sourceTree = "<group>"; };
		57F685C12699DA2E0038179D /* Assets.xcassets */ = {isa = PBXFileReference; lastKnownFileType = folder.assetcatalog; path = Assets.xcassets; sourceTree = "<group>"; };
		57F685C42699DA2E0038179D /* Base */ = {isa = PBXFileReference; lastKnownFileType = file.storyboard; name = Base; path = Base.lproj/LaunchScreen.storyboard; sourceTree = "<group>"; };
		57F685C62699DA2E0038179D /* Info.plist */ = {isa = PBXFileReference; lastKnownFileType = text.plist.xml; path = Info.plist; sourceTree = "<group>"; };
		57F685CB2699DA2E0038179D /* MVCTests.xctest */ = {isa = PBXFileReference; explicitFileType = wrapper.cfbundle; includeInIndex = 0; path = MVCTests.xctest; sourceTree = BUILT_PRODUCTS_DIR; };
		57F685CF2699DA2E0038179D /* MVCTests.swift */ = {isa = PBXFileReference; lastKnownFileType = sourcecode.swift; path = MVCTests.swift; sourceTree = "<group>"; };
		57F685D12699DA2E0038179D /* Info.plist */ = {isa = PBXFileReference; lastKnownFileType = text.plist.xml; path = Info.plist; sourceTree = "<group>"; };
		57F685D62699DA2E0038179D /* MVCUITests.xctest */ = {isa = PBXFileReference; explicitFileType = wrapper.cfbundle; includeInIndex = 0; path = MVCUITests.xctest; sourceTree = BUILT_PRODUCTS_DIR; };
		57F685DA2699DA2E0038179D /* MVCUITests.swift */ = {isa = PBXFileReference; lastKnownFileType = sourcecode.swift; path = MVCUITests.swift; sourceTree = "<group>"; };
		57F685DC2699DA2E0038179D /* Info.plist */ = {isa = PBXFileReference; lastKnownFileType = text.plist.xml; path = Info.plist; sourceTree = "<group>"; };
		57F685E82699DCCE0038179D /* MassiveViewController.swift */ = {isa = PBXFileReference; lastKnownFileType = sourcecode.swift; path = MassiveViewController.swift; sourceTree = "<group>"; };
		57F685EA2699E5B00038179D /* Model.swift */ = {isa = PBXFileReference; lastKnownFileType = sourcecode.swift; path = Model.swift; sourceTree = "<group>"; };
/* End PBXFileReference section */

/* Begin PBXFrameworksBuildPhase section */
		57F685B22699DA2D0038179D /* Frameworks */ = {
			isa = PBXFrameworksBuildPhase;
			buildActionMask = 2147483647;
			files = (
			);
			runOnlyForDeploymentPostprocessing = 0;
		};
		57F685C82699DA2E0038179D /* Frameworks */ = {
			isa = PBXFrameworksBuildPhase;
			buildActionMask = 2147483647;
			files = (
			);
			runOnlyForDeploymentPostprocessing = 0;
		};
		57F685D32699DA2E0038179D /* Frameworks */ = {
			isa = PBXFrameworksBuildPhase;
			buildActionMask = 2147483647;
			files = (
			);
			runOnlyForDeploymentPostprocessing = 0;
		};
/* End PBXFrameworksBuildPhase section */

/* Begin PBXGroup section */
		57F685AC2699DA2D0038179D = {
			isa = PBXGroup;
			children = (
				57F685B72699DA2D0038179D /* MVC */,
				57F685CE2699DA2E0038179D /* MVCTests */,
				57F685D92699DA2E0038179D /* MVCUITests */,
				57F685B62699DA2D0038179D /* Products */,
			);
			sourceTree = "<group>";
		};
		57F685B62699DA2D0038179D /* Products */ = {
			isa = PBXGroup;
			children = (
				57F685B52699DA2D0038179D /* MVC.app */,
				57F685CB2699DA2E0038179D /* MVCTests.xctest */,
				57F685D62699DA2E0038179D /* MVCUITests.xctest */,
			);
			name = Products;
			sourceTree = "<group>";
		};
		57F685B72699DA2D0038179D /* MVC */ = {
			isa = PBXGroup;
			children = (
				57F685B82699DA2D0038179D /* AppDelegate.swift */,
				57F685BA2699DA2D0038179D /* SceneDelegate.swift */,
				57F685C12699DA2E0038179D /* Assets.xcassets */,
				57F685C32699DA2E0038179D /* LaunchScreen.storyboard */,
				57F685C62699DA2E0038179D /* Info.plist */,
				57F685E82699DCCE0038179D /* MassiveViewController.swift */,
				57F685EA2699E5B00038179D /* Model.swift */,
			);
			path = MVC;
			sourceTree = "<group>";
		};
		57F685CE2699DA2E0038179D /* MVCTests */ = {
			isa = PBXGroup;
			children = (
				57F685CF2699DA2E0038179D /* MVCTests.swift */,
				57F685D12699DA2E0038179D /* Info.plist */,
			);
			path = MVCTests;
			sourceTree = "<group>";
		};
		57F685D92699DA2E0038179D /* MVCUITests */ = {
			isa = PBXGroup;
			children = (
				57F685DA2699DA2E0038179D /* MVCUITests.swift */,
				57F685DC2699DA2E0038179D /* Info.plist */,
			);
			path = MVCUITests;
			sourceTree = "<group>";
		};
/* End PBXGroup section */

/* Begin PBXNativeTarget section */
		57F685B42699DA2D0038179D /* MVC */ = {
			isa = PBXNativeTarget;
			buildConfigurationList = 57F685DF2699DA2E0038179D /* Build configuration list for PBXNativeTarget "MVC" */;
			buildPhases = (
				57F685B12699DA2D0038179D /* Sources */,
				57F685B22699DA2D0038179D /* Frameworks */,
				57F685B32699DA2D0038179D /* Resources */,
			);
			buildRules = (
			);
			dependencies = (
			);
			name = MVC;
			productName = MVC;
			productReference = 57F685B52699DA2D0038179D /* MVC.app */;
			productType = "com.apple.product-type.application";
		};
		57F685CA2699DA2E0038179D /* MVCTests */ = {
			isa = PBXNativeTarget;
			buildConfigurationList = 57F685E22699DA2E0038179D /* Build configuration list for PBXNativeTarget "MVCTests" */;
			buildPhases = (
				57F685C72699DA2E0038179D /* Sources */,
				57F685C82699DA2E0038179D /* Frameworks */,
				57F685C92699DA2E0038179D /* Resources */,
			);
			buildRules = (
			);
			dependencies = (
				57F685CD2699DA2E0038179D /* PBXTargetDependency */,
			);
			name = MVCTests;
			productName = MVCTests;
			productReference = 57F685CB2699DA2E0038179D /* MVCTests.xctest */;
			productType = "com.apple.product-type.bundle.unit-test";
		};
		57F685D52699DA2E0038179D /* MVCUITests */ = {
			isa = PBXNativeTarget;
			buildConfigurationList = 57F685E52699DA2E0038179D /* Build configuration list for PBXNativeTarget "MVCUITests" */;
			buildPhases = (
				57F685D22699DA2E0038179D /* Sources */,
				57F685D32699DA2E0038179D /* Frameworks */,
				57F685D42699DA2E0038179D /* Resources */,
			);
			buildRules = (
			);
			dependencies = (
				57F685D82699DA2E0038179D /* PBXTargetDependency */,
			);
			name = MVCUITests;
			productName = MVCUITests;
			productReference = 57F685D62699DA2E0038179D /* MVCUITests.xctest */;
			productType = "com.apple.product-type.bundle.ui-testing";
		};
/* End PBXNativeTarget section */

/* Begin PBXProject section */
		57F685AD2699DA2D0038179D /* Project object */ = {
			isa = PBXProject;
			attributes = {
				LastSwiftUpdateCheck = 1250;
				LastUpgradeCheck = 1250;
				TargetAttributes = {
					57F685B42699DA2D0038179D = {
						CreatedOnToolsVersion = 12.5;
					};
					57F685CA2699DA2E0038179D = {
						CreatedOnToolsVersion = 12.5;
						TestTargetID = 57F685B42699DA2D0038179D;
					};
					57F685D52699DA2E0038179D = {
						CreatedOnToolsVersion = 12.5;
						TestTargetID = 57F685B42699DA2D0038179D;
					};
				};
			};
			buildConfigurationList = 57F685B02699DA2D0038179D /* Build configuration list for PBXProject "MVC" */;
			compatibilityVersion = "Xcode 9.3";
			developmentRegion = en;
			hasScannedForEncodings = 0;
			knownRegions = (
				en,
				Base,
			);
			mainGroup = 57F685AC2699DA2D0038179D;
			productRefGroup = 57F685B62699DA2D0038179D /* Products */;
			projectDirPath = "";
			projectRoot = "";
			targets = (
				57F685B42699DA2D0038179D /* MVC */,
				57F685CA2699DA2E0038179D /* MVCTests */,
				57F685D52699DA2E0038179D /* MVCUITests */,
			);
		};
/* End PBXProject section */

/* Begin PBXResourcesBuildPhase section */
		57F685B32699DA2D0038179D /* Resources */ = {
			isa = PBXResourcesBuildPhase;
			buildActionMask = 2147483647;
			files = (
				57F685C52699DA2E0038179D /* LaunchScreen.storyboard in Resources */,
				57F685C22699DA2E0038179D /* Assets.xcassets in Resources */,
			);
			runOnlyForDeploymentPostprocessing = 0;
		};
		57F685C92699DA2E0038179D /* Resources */ = {
			isa = PBXResourcesBuildPhase;
			buildActionMask = 2147483647;
			files = (
			);
			runOnlyForDeploymentPostprocessing = 0;
		};
		57F685D42699DA2E0038179D /* Resources */ = {
			isa = PBXResourcesBuildPhase;
			buildActionMask = 2147483647;
			files = (
			);
			runOnlyForDeploymentPostprocessing = 0;
		};
/* End PBXResourcesBuildPhase section */

/* Begin PBXSourcesBuildPhase section */
		57F685B12699DA2D0038179D /* Sources */ = {
			isa = PBXSourcesBuildPhase;
			buildActionMask = 2147483647;
			files = (
				57F685B92699DA2D0038179D /* AppDelegate.swift in Sources */,
				57F685BB2699DA2D0038179D /* SceneDelegate.swift in Sources */,
				57F685E92699DCCE0038179D /* MassiveViewController.swift in Sources */,
				57F685EB2699E5B00038179D /* Model.swift in Sources */,
			);
			runOnlyForDeploymentPostprocessing = 0;
		};
		57F685C72699DA2E0038179D /* Sources */ = {
			isa = PBXSourcesBuildPhase;
			buildActionMask = 2147483647;
			files = (
				57F685D02699DA2E0038179D /* MVCTests.swift in Sources */,
			);
			runOnlyForDeploymentPostprocessing = 0;
		};
		57F685D22699DA2E0038179D /* Sources */ = {
			isa = PBXSourcesBuildPhase;
			buildActionMask = 2147483647;
			files = (
				57F685DB2699DA2E0038179D /* MVCUITests.swift in Sources */,
			);
			runOnlyForDeploymentPostprocessing = 0;
		};
/* End PBXSourcesBuildPhase section */

/* Begin PBXTargetDependency section */
		57F685CD2699DA2E0038179D /* PBXTargetDependency */ = {
			isa = PBXTargetDependency;
			target = 57F685B42699DA2D0038179D /* MVC */;
			targetProxy = 57F685CC2699DA2E0038179D /* PBXContainerItemProxy */;
		};
		57F685D82699DA2E0038179D /* PBXTargetDependency */ = {
			isa = PBXTargetDependency;
			target = 57F685B42699DA2D0038179D /* MVC */;
			targetProxy = 57F685D72699DA2E0038179D /* PBXContainerItemProxy */;
		};
/* End PBXTargetDependency section */

/* Begin PBXVariantGroup section */
		57F685C32699DA2E0038179D /* LaunchScreen.storyboard */ = {
			isa = PBXVariantGroup;
			children = (
				57F685C42699DA2E0038179D /* Base */,
			);
			name = LaunchScreen.storyboard;
			sourceTree = "<group>";
		};
/* End PBXVariantGroup section */

/* Begin XCBuildConfiguration section */
		57F685DD2699DA2E0038179D /* Debug */ = {
			isa = XCBuildConfiguration;
			buildSettings = {
				ALWAYS_SEARCH_USER_PATHS = NO;
				CLANG_ANALYZER_NONNULL = YES;
				CLANG_ANALYZER_NUMBER_OBJECT_CONVERSION = YES_AGGRESSIVE;
				CLANG_CXX_LANGUAGE_STANDARD = "gnu++14";
				CLANG_CXX_LIBRARY = "libc++";
				CLANG_ENABLE_MODULES = YES;
				CLANG_ENABLE_OBJC_ARC = YES;
				CLANG_ENABLE_OBJC_WEAK = YES;
				CLANG_WARN_BLOCK_CAPTURE_AUTORELEASING = YES;
				CLANG_WARN_BOOL_CONVERSION = YES;
				CLANG_WARN_COMMA = YES;
				CLANG_WARN_CONSTANT_CONVERSION = YES;
				CLANG_WARN_DEPRECATED_OBJC_IMPLEMENTATIONS = YES;
				CLANG_WARN_DIRECT_OBJC_ISA_USAGE = YES_ERROR;
				CLANG_WARN_DOCUMENTATION_COMMENTS = YES;
				CLANG_WARN_EMPTY_BODY = YES;
				CLANG_WARN_ENUM_CONVERSION = YES;
				CLANG_WARN_INFINITE_RECURSION = YES;
				CLANG_WARN_INT_CONVERSION = YES;
				CLANG_WARN_NON_LITERAL_NULL_CONVERSION = YES;
				CLANG_WARN_OBJC_IMPLICIT_RETAIN_SELF = YES;
				CLANG_WARN_OBJC_LITERAL_CONVERSION = YES;
				CLANG_WARN_OBJC_ROOT_CLASS = YES_ERROR;
				CLANG_WARN_QUOTED_INCLUDE_IN_FRAMEWORK_HEADER = YES;
				CLANG_WARN_RANGE_LOOP_ANALYSIS = YES;
				CLANG_WARN_STRICT_PROTOTYPES = YES;
				CLANG_WARN_SUSPICIOUS_MOVE = YES;
				CLANG_WARN_UNGUARDED_AVAILABILITY = YES_AGGRESSIVE;
				CLANG_WARN_UNREACHABLE_CODE = YES;
				CLANG_WARN__DUPLICATE_METHOD_MATCH = YES;
				COPY_PHASE_STRIP = NO;
				DEBUG_INFORMATION_FORMAT = dwarf;
				ENABLE_STRICT_OBJC_MSGSEND = YES;
				ENABLE_TESTABILITY = YES;
				GCC_C_LANGUAGE_STANDARD = gnu11;
				GCC_DYNAMIC_NO_PIC = NO;
				GCC_NO_COMMON_BLOCKS = YES;
				GCC_OPTIMIZATION_LEVEL = 0;
				GCC_PREPROCESSOR_DEFINITIONS = (
					"DEBUG=1",
					"$(inherited)",
				);
				GCC_WARN_64_TO_32_BIT_CONVERSION = YES;
				GCC_WARN_ABOUT_RETURN_TYPE = YES_ERROR;
				GCC_WARN_UNDECLARED_SELECTOR = YES;
				GCC_WARN_UNINITIALIZED_AUTOS = YES_AGGRESSIVE;
				GCC_WARN_UNUSED_FUNCTION = YES;
				GCC_WARN_UNUSED_VARIABLE = YES;
				IPHONEOS_DEPLOYMENT_TARGET = 14.5;
				MTL_ENABLE_DEBUG_INFO = INCLUDE_SOURCE;
				MTL_FAST_MATH = YES;
				ONLY_ACTIVE_ARCH = YES;
				SDKROOT = iphoneos;
				SWIFT_ACTIVE_COMPILATION_CONDITIONS = DEBUG;
				SWIFT_OPTIMIZATION_LEVEL = "-Onone";
			};
			name = Debug;
		};
		57F685DE2699DA2E0038179D /* Release */ = {
			isa = XCBuildConfiguration;
			buildSettings = {
				ALWAYS_SEARCH_USER_PATHS = NO;
				CLANG_ANALYZER_NONNULL = YES;
				CLANG_ANALYZER_NUMBER_OBJECT_CONVERSION = YES_AGGRESSIVE;
				CLANG_CXX_LANGUAGE_STANDARD = "gnu++14";
				CLANG_CXX_LIBRARY = "libc++";
				CLANG_ENABLE_MODULES = YES;
				CLANG_ENABLE_OBJC_ARC = YES;
				CLANG_ENABLE_OBJC_WEAK = YES;
				CLANG_WARN_BLOCK_CAPTURE_AUTORELEASING = YES;
				CLANG_WARN_BOOL_CONVERSION = YES;
				CLANG_WARN_COMMA = YES;
				CLANG_WARN_CONSTANT_CONVERSION = YES;
				CLANG_WARN_DEPRECATED_OBJC_IMPLEMENTATIONS = YES;
				CLANG_WARN_DIRECT_OBJC_ISA_USAGE = YES_ERROR;
				CLANG_WARN_DOCUMENTATION_COMMENTS = YES;
				CLANG_WARN_EMPTY_BODY = YES;
				CLANG_WARN_ENUM_CONVERSION = YES;
				CLANG_WARN_INFINITE_RECURSION = YES;
				CLANG_WARN_INT_CONVERSION = YES;
				CLANG_WARN_NON_LITERAL_NULL_CONVERSION = YES;
				CLANG_WARN_OBJC_IMPLICIT_RETAIN_SELF = YES;
				CLANG_WARN_OBJC_LITERAL_CONVERSION = YES;
				CLANG_WARN_OBJC_ROOT_CLASS = YES_ERROR;
				CLANG_WARN_QUOTED_INCLUDE_IN_FRAMEWORK_HEADER = YES;
				CLANG_WARN_RANGE_LOOP_ANALYSIS = YES;
				CLANG_WARN_STRICT_PROTOTYPES = YES;
				CLANG_WARN_SUSPICIOUS_MOVE = YES;
				CLANG_WARN_UNGUARDED_AVAILABILITY = YES_AGGRESSIVE;
				CLANG_WARN_UNREACHABLE_CODE = YES;
				CLANG_WARN__DUPLICATE_METHOD_MATCH = YES;
				COPY_PHASE_STRIP = NO;
				DEBUG_INFORMATION_FORMAT = "dwarf-with-dsym";
				ENABLE_NS_ASSERTIONS = NO;
				ENABLE_STRICT_OBJC_MSGSEND = YES;
				GCC_C_LANGUAGE_STANDARD = gnu11;
				GCC_NO_COMMON_BLOCKS = YES;
				GCC_WARN_64_TO_32_BIT_CONVERSION = YES;
				GCC_WARN_ABOUT_RETURN_TYPE = YES_ERROR;
				GCC_WARN_UNDECLARED_SELECTOR = YES;
				GCC_WARN_UNINITIALIZED_AUTOS = YES_AGGRESSIVE;
				GCC_WARN_UNUSED_FUNCTION = YES;
				GCC_WARN_UNUSED_VARIABLE = YES;
				IPHONEOS_DEPLOYMENT_TARGET = 14.5;
				MTL_ENABLE_DEBUG_INFO = NO;
				MTL_FAST_MATH = YES;
				SDKROOT = iphoneos;
				SWIFT_COMPILATION_MODE = wholemodule;
				SWIFT_OPTIMIZATION_LEVEL = "-O";
				VALIDATE_PRODUCT = YES;
			};
			name = Release;
		};
		57F685E02699DA2E0038179D /* Debug */ = {
			isa = XCBuildConfiguration;
			buildSettings = {
				ASSETCATALOG_COMPILER_APPICON_NAME = AppIcon;
				ASSETCATALOG_COMPILER_GLOBAL_ACCENT_COLOR_NAME = AccentColor;
				CODE_SIGN_STYLE = Automatic;
				DEVELOPMENT_TEAM = KZ8ZM2S86P;
				INFOPLIST_FILE = MVC/Info.plist;
				LD_RUNPATH_SEARCH_PATHS = (
					"$(inherited)",
					"@executable_path/Frameworks",
				);
				PRODUCT_BUNDLE_IDENTIFIER = alena.MVC;
				PRODUCT_NAME = "$(TARGET_NAME)";
				SWIFT_VERSION = 5.0;
				TARGETED_DEVICE_FAMILY = "1,2";
			};
			name = Debug;
		};
		57F685E12699DA2E0038179D /* Release */ = {
			isa = XCBuildConfiguration;
			buildSettings = {
				ASSETCATALOG_COMPILER_APPICON_NAME = AppIcon;
				ASSETCATALOG_COMPILER_GLOBAL_ACCENT_COLOR_NAME = AccentColor;
				CODE_SIGN_STYLE = Automatic;
				DEVELOPMENT_TEAM = KZ8ZM2S86P;
				INFOPLIST_FILE = MVC/Info.plist;
				LD_RUNPATH_SEARCH_PATHS = (
					"$(inherited)",
					"@executable_path/Frameworks",
				);
				PRODUCT_BUNDLE_IDENTIFIER = alena.MVC;
				PRODUCT_NAME = "$(TARGET_NAME)";
				SWIFT_VERSION = 5.0;
				TARGETED_DEVICE_FAMILY = "1,2";
			};
			name = Release;
		};
		57F685E32699DA2E0038179D /* Debug */ = {
			isa = XCBuildConfiguration;
			buildSettings = {
				ALWAYS_EMBED_SWIFT_STANDARD_LIBRARIES = YES;
				BUNDLE_LOADER = "$(TEST_HOST)";
				CODE_SIGN_STYLE = Automatic;
				DEVELOPMENT_TEAM = KZ8ZM2S86P;
				INFOPLIST_FILE = MVCTests/Info.plist;
				IPHONEOS_DEPLOYMENT_TARGET = 14.5;
				LD_RUNPATH_SEARCH_PATHS = (
					"$(inherited)",
					"@executable_path/Frameworks",
					"@loader_path/Frameworks",
				);
				PRODUCT_BUNDLE_IDENTIFIER = alena.MVCTests;
				PRODUCT_NAME = "$(TARGET_NAME)";
				SWIFT_VERSION = 5.0;
				TARGETED_DEVICE_FAMILY = "1,2";
				TEST_HOST = "$(BUILT_PRODUCTS_DIR)/MVC.app/MVC";
			};
			name = Debug;
		};
		57F685E42699DA2E0038179D /* Release */ = {
			isa = XCBuildConfiguration;
			buildSettings = {
				ALWAYS_EMBED_SWIFT_STANDARD_LIBRARIES = YES;
				BUNDLE_LOADER = "$(TEST_HOST)";
				CODE_SIGN_STYLE = Automatic;
				DEVELOPMENT_TEAM = KZ8ZM2S86P;
				INFOPLIST_FILE = MVCTests/Info.plist;
				IPHONEOS_DEPLOYMENT_TARGET = 14.5;
				LD_RUNPATH_SEARCH_PATHS = (
					"$(inherited)",
					"@executable_path/Frameworks",
					"@loader_path/Frameworks",
				);
				PRODUCT_BUNDLE_IDENTIFIER = alena.MVCTests;
				PRODUCT_NAME = "$(TARGET_NAME)";
				SWIFT_VERSION = 5.0;
				TARGETED_DEVICE_FAMILY = "1,2";
				TEST_HOST = "$(BUILT_PRODUCTS_DIR)/MVC.app/MVC";
			};
			name = Release;
		};
		57F685E62699DA2E0038179D /* Debug */ = {
			isa = XCBuildConfiguration;
			buildSettings = {
				ALWAYS_EMBED_SWIFT_STANDARD_LIBRARIES = YES;
				CODE_SIGN_STYLE = Automatic;
				DEVELOPMENT_TEAM = KZ8ZM2S86P;
				INFOPLIST_FILE = MVCUITests/Info.plist;
				LD_RUNPATH_SEARCH_PATHS = (
					"$(inherited)",
					"@executable_path/Frameworks",
					"@loader_path/Frameworks",
				);
				PRODUCT_BUNDLE_IDENTIFIER = alena.MVCUITests;
				PRODUCT_NAME = "$(TARGET_NAME)";
				SWIFT_VERSION = 5.0;
				TARGETED_DEVICE_FAMILY = "1,2";
				TEST_TARGET_NAME = MVC;
			};
			name = Debug;
		};
		57F685E72699DA2E0038179D /* Release */ = {
			isa = XCBuildConfiguration;
			buildSettings = {
				ALWAYS_EMBED_SWIFT_STANDARD_LIBRARIES = YES;
				CODE_SIGN_STYLE = Automatic;
				DEVELOPMENT_TEAM = KZ8ZM2S86P;
				INFOPLIST_FILE = MVCUITests/Info.plist;
				LD_RUNPATH_SEARCH_PATHS = (
					"$(inherited)",
					"@executable_path/Frameworks",
					"@loader_path/Frameworks",
				);
				PRODUCT_BUNDLE_IDENTIFIER = alena.MVCUITests;
				PRODUCT_NAME = "$(TARGET_NAME)";
				SWIFT_VERSION = 5.0;
				TARGETED_DEVICE_FAMILY = "1,2";
				TEST_TARGET_NAME = MVC;
			};
			name = Release;
		};
/* End XCBuildConfiguration section */

/* Begin XCConfigurationList section */
		57F685B02699DA2D0038179D /* Build configuration list for PBXProject "MVC" */ = {
			isa = XCConfigurationList;
			buildConfigurations = (
				57F685DD2699DA2E0038179D /* Debug */,
				57F685DE2699DA2E0038179D /* Release */,
			);
			defaultConfigurationIsVisible = 0;
			defaultConfigurationName = Release;
		};
		57F685DF2699DA2E0038179D /* Build configuration list for PBXNativeTarget "MVC" */ = {
			isa = XCConfigurationList;
			buildConfigurations = (
				57F685E02699DA2E0038179D /* Debug */,
				57F685E12699DA2E0038179D /* Release */,
			);
			defaultConfigurationIsVisible = 0;
			defaultConfigurationName = Release;
		};
		57F685E22699DA2E0038179D /* Build configuration list for PBXNativeTarget "MVCTests" */ = {
			isa = XCConfigurationList;
			buildConfigurations = (
				57F685E32699DA2E0038179D /* Debug */,
				57F685E42699DA2E0038179D /* Release */,
			);
			defaultConfigurationIsVisible = 0;
			defaultConfigurationName = Release;
		};
		57F685E52699DA2E0038179D /* Build configuration list for PBXNativeTarget "MVCUITests" */ = {
			isa = XCConfigurationList;
			buildConfigurations = (
				57F685E62699DA2E0038179D /* Debug */,
				57F685E72699DA2E0038179D /* Release */,
			);
			defaultConfigurationIsVisible = 0;
			defaultConfigurationName = Release;
		};
/* End XCConfigurationList section */
	};
	rootObject = 57F685AD2699DA2D0038179D /* Project object */;
}
